
Microsoft Visual Studio Solution File, Format Version 12.00
# Visual Studio Version 16
VisualStudioVersion = 16.0.31005.135
MinimumVisualStudioVersion = 10.0.40219.1
Project("{9A19103F-16F7-4668-BE54-9A1E7A4F7556}") = "BibleBook.Core", "src\BibleBook.Core\BibleBook.Core.csproj", "{D4C60FEC-1F25-4D00-BC83-618AF57D19DB}"
EndProject
Project("{2150E333-8FDC-42A3-9474-1A3956D46DE8}") = "!Solution Items", "!Solution Items", "{192CF17F-211E-46CE-B338-A4607948E847}"
	ProjectSection(SolutionItems) = preProject
		.editorconfig = .editorconfig
	EndProjectSection
EndProject
Global
	GlobalSection(SolutionConfigurationPlatforms) = preSolution
		Debug|Any CPU = Debug|Any CPU
		Debug|ARM = Debug|ARM
		Debug|iPhone = Debug|iPhone
		Debug|iPhoneSimulator = Debug|iPhoneSimulator
		Debug|x64 = Debug|x64
		Debug|x86 = Debug|x86
		Release|Any CPU = Release|Any CPU
		Release|ARM = Release|ARM
		Release|iPhone = Release|iPhone
		Release|iPhoneSimulator = Release|iPhoneSimulator
		Release|x64 = Release|x64
		Release|x86 = Release|x86
	EndGlobalSection
	GlobalSection(ProjectConfigurationPlatforms) = postSolution
		{D4C60FEC-1F25-4D00-BC83-618AF57D19DB}.Debug|Any CPU.ActiveCfg = Debug|Any CPU
		{D4C60FEC-1F25-4D00-BC83-618AF57D19DB}.Debug|Any CPU.Build.0 = Debug|Any CPU
		{D4C60FEC-1F25-4D00-BC83-618AF57D19DB}.Debug|ARM.ActiveCfg = Debug|Any CPU
		{D4C60FEC-1F25-4D00-BC83-618AF57D19DB}.Debug|ARM.Build.0 = Debug|Any CPU
		{D4C60FEC-1F25-4D00-BC83-618AF57D19DB}.Debug|iPhone.ActiveCfg = Debug|Any CPU
		{D4C60FEC-1F25-4D00-BC83-618AF57D19DB}.Debug|iPhone.Build.0 = Debug|Any CPU
		{D4C60FEC-1F25-4D00-BC83-618AF57D19DB}.Debug|iPhoneSimulator.ActiveCfg = Debug|Any CPU
		{D4C60FEC-1F25-4D00-BC83-618AF57D19DB}.Debug|iPhoneSimulator.Build.0 = Debug|Any CPU
		{D4C60FEC-1F25-4D00-BC83-618AF57D19DB}.Debug|x64.ActiveCfg = Debug|Any CPU
		{D4C60FEC-1F25-4D00-BC83-618AF57D19DB}.Debug|x64.Build.0 = Debug|Any CPU
		{D4C60FEC-1F25-4D00-BC83-618AF57D19DB}.Debug|x86.ActiveCfg = Debug|Any CPU
		{D4C60FEC-1F25-4D00-BC83-618AF57D19DB}.Debug|x86.Build.0 = Debug|Any CPU
		{D4C60FEC-1F25-4D00-BC83-618AF57D19DB}.Release|Any CPU.ActiveCfg = Release|Any CPU
		{D4C60FEC-1F25-4D00-BC83-618AF57D19DB}.Release|Any CPU.Build.0 = Release|Any CPU
		{D4C60FEC-1F25-4D00-BC83-618AF57D19DB}.Release|ARM.ActiveCfg = Release|Any CPU
		{D4C60FEC-1F25-4D00-BC83-618AF57D19DB}.Release|ARM.Build.0 = Release|Any CPU
		{D4C60FEC-1F25-4D00-BC83-618AF57D19DB}.Release|iPhone.ActiveCfg = Release|Any CPU
		{D4C60FEC-1F25-4D00-BC83-618AF57D19DB}.Release|iPhone.Build.0 = Release|Any CPU
		{D4C60FEC-1F25-4D00-BC83-618AF57D19DB}.Release|iPhoneSimulator.ActiveCfg = Release|Any CPU
		{D4C60FEC-1F25-4D00-BC83-618AF57D19DB}.Release|iPhoneSimulator.Build.0 = Release|Any CPU
		{D4C60FEC-1F25-4D00-BC83-618AF57D19DB}.Release|x64.ActiveCfg = Release|Any CPU
		{D4C60FEC-1F25-4D00-BC83-618AF57D19DB}.Release|x64.Build.0 = Release|Any CPU
		{D4C60FEC-1F25-4D00-BC83-618AF57D19DB}.Release|x86.ActiveCfg = Release|Any CPU
		{D4C60FEC-1F25-4D00-BC83-618AF57D19DB}.Release|x86.Build.0 = Release|Any CPU
	EndGlobalSection
	GlobalSection(SolutionProperties) = preSolution
		HideSolutionNode = FALSE
	EndGlobalSection
	GlobalSection(ExtensibilityGlobals) = postSolution
		SolutionGuid = {BE2517D9-D755-4838-BC57-4516D153B3A9}
	EndGlobalSection
EndGlobal
