
Microsoft Visual Studio Solution File, Format Version 12.00
# Visual Studio 15
VisualStudioVersion = 15.0.27130.2010
MinimumVisualStudioVersion = 10.0.40219.1
Project("{FAE04EC0-301F-11D3-BF4B-00C04F79EFBC}") = "BibleBook.Core", "src\BibleBook.Core\BibleBook.Core.csproj", "{D4C60FEC-1F25-4D00-BC83-618AF57D19DB}"
EndProject
Project("{FAE04EC0-301F-11D3-BF4B-00C04F79EFBC}") = "BibleBook.UI", "src\BibleBook.UI\BibleBook.UI.csproj", "{7C54923E-1AD2-4E7E-B99D-68232AA713D7}"
EndProject
Project("{FAE04EC0-301F-11D3-BF4B-00C04F79EFBC}") = "BibleBook.Droid", "src\BibleBook.Droid\BibleBook.Droid.csproj", "{719166E4-EDC4-4859-AD52-F85F889F7A31}"
EndProject
Project("{FAE04EC0-301F-11D3-BF4B-00C04F79EFBC}") = "BibleBook.iOS", "src\BibleBook.iOS\BibleBook.iOS.csproj", "{945F9950-1A46-44DF-9D08-7F89FEC6107A}"
EndProject
Project("{FAE04EC0-301F-11D3-BF4B-00C04F79EFBC}") = "BibleBook.UWP", "src\BibleBook.UWP\BibleBook.UWP.csproj", "{3A9B8CB0-88C5-4221-AE53-CD272C2A62AB}"
EndProject
Project("{2150E333-8FDC-42A3-9474-1A3956D46DE8}") = "!Solution Items", "!Solution Items", "{192CF17F-211E-46CE-B338-A4607948E847}"
	ProjectSection(SolutionItems) = preProject
		.editorconfig = .editorconfig
	EndProjectSection
EndProject
Global
	GlobalSection(SolutionConfigurationPlatforms) = preSolution
		Debug|Any CPU = Debug|Any CPU
		Debug|ARM = Debug|ARM
		Debug|iPhone = Debug|iPhone
		Debug|iPhoneSimulator = Debug|iPhoneSimulator
		Debug|x64 = Debug|x64
		Debug|x86 = Debug|x86
		Release|Any CPU = Release|Any CPU
		Release|ARM = Release|ARM
		Release|iPhone = Release|iPhone
		Release|iPhoneSimulator = Release|iPhoneSimulator
		Release|x64 = Release|x64
		Release|x86 = Release|x86
	EndGlobalSection
	GlobalSection(ProjectConfigurationPlatforms) = postSolution
		{D4C60FEC-1F25-4D00-BC83-618AF57D19DB}.Debug|Any CPU.ActiveCfg = Debug|Any CPU
		{D4C60FEC-1F25-4D00-BC83-618AF57D19DB}.Debug|Any CPU.Build.0 = Debug|Any CPU
		{D4C60FEC-1F25-4D00-BC83-618AF57D19DB}.Debug|ARM.ActiveCfg = Debug|Any CPU
		{D4C60FEC-1F25-4D00-BC83-618AF57D19DB}.Debug|ARM.Build.0 = Debug|Any CPU
		{D4C60FEC-1F25-4D00-BC83-618AF57D19DB}.Debug|iPhone.ActiveCfg = Debug|Any CPU
		{D4C60FEC-1F25-4D00-BC83-618AF57D19DB}.Debug|iPhone.Build.0 = Debug|Any CPU
		{D4C60FEC-1F25-4D00-BC83-618AF57D19DB}.Debug|iPhoneSimulator.ActiveCfg = Debug|Any CPU
		{D4C60FEC-1F25-4D00-BC83-618AF57D19DB}.Debug|iPhoneSimulator.Build.0 = Debug|Any CPU
		{D4C60FEC-1F25-4D00-BC83-618AF57D19DB}.Debug|x64.ActiveCfg = Debug|Any CPU
		{D4C60FEC-1F25-4D00-BC83-618AF57D19DB}.Debug|x64.Build.0 = Debug|Any CPU
		{D4C60FEC-1F25-4D00-BC83-618AF57D19DB}.Debug|x86.ActiveCfg = Debug|Any CPU
		{D4C60FEC-1F25-4D00-BC83-618AF57D19DB}.Debug|x86.Build.0 = Debug|Any CPU
		{D4C60FEC-1F25-4D00-BC83-618AF57D19DB}.Release|Any CPU.ActiveCfg = Release|Any CPU
		{D4C60FEC-1F25-4D00-BC83-618AF57D19DB}.Release|Any CPU.Build.0 = Release|Any CPU
		{D4C60FEC-1F25-4D00-BC83-618AF57D19DB}.Release|ARM.ActiveCfg = Release|Any CPU
		{D4C60FEC-1F25-4D00-BC83-618AF57D19DB}.Release|ARM.Build.0 = Release|Any CPU
		{D4C60FEC-1F25-4D00-BC83-618AF57D19DB}.Release|iPhone.ActiveCfg = Release|Any CPU
		{D4C60FEC-1F25-4D00-BC83-618AF57D19DB}.Release|iPhone.Build.0 = Release|Any CPU
		{D4C60FEC-1F25-4D00-BC83-618AF57D19DB}.Release|iPhoneSimulator.ActiveCfg = Release|Any CPU
		{D4C60FEC-1F25-4D00-BC83-618AF57D19DB}.Release|iPhoneSimulator.Build.0 = Release|Any CPU
		{D4C60FEC-1F25-4D00-BC83-618AF57D19DB}.Release|x64.ActiveCfg = Release|Any CPU
		{D4C60FEC-1F25-4D00-BC83-618AF57D19DB}.Release|x64.Build.0 = Release|Any CPU
		{D4C60FEC-1F25-4D00-BC83-618AF57D19DB}.Release|x86.ActiveCfg = Release|Any CPU
		{D4C60FEC-1F25-4D00-BC83-618AF57D19DB}.Release|x86.Build.0 = Release|Any CPU
		{7C54923E-1AD2-4E7E-B99D-68232AA713D7}.Debug|Any CPU.ActiveCfg = Debug|Any CPU
		{7C54923E-1AD2-4E7E-B99D-68232AA713D7}.Debug|Any CPU.Build.0 = Debug|Any CPU
		{7C54923E-1AD2-4E7E-B99D-68232AA713D7}.Debug|ARM.ActiveCfg = Debug|Any CPU
		{7C54923E-1AD2-4E7E-B99D-68232AA713D7}.Debug|ARM.Build.0 = Debug|Any CPU
		{7C54923E-1AD2-4E7E-B99D-68232AA713D7}.Debug|iPhone.ActiveCfg = Debug|Any CPU
		{7C54923E-1AD2-4E7E-B99D-68232AA713D7}.Debug|iPhone.Build.0 = Debug|Any CPU
		{7C54923E-1AD2-4E7E-B99D-68232AA713D7}.Debug|iPhoneSimulator.ActiveCfg = Debug|Any CPU
		{7C54923E-1AD2-4E7E-B99D-68232AA713D7}.Debug|iPhoneSimulator.Build.0 = Debug|Any CPU
		{7C54923E-1AD2-4E7E-B99D-68232AA713D7}.Debug|x64.ActiveCfg = Debug|Any CPU
		{7C54923E-1AD2-4E7E-B99D-68232AA713D7}.Debug|x64.Build.0 = Debug|Any CPU
		{7C54923E-1AD2-4E7E-B99D-68232AA713D7}.Debug|x86.ActiveCfg = Debug|Any CPU
		{7C54923E-1AD2-4E7E-B99D-68232AA713D7}.Debug|x86.Build.0 = Debug|Any CPU
		{7C54923E-1AD2-4E7E-B99D-68232AA713D7}.Release|Any CPU.ActiveCfg = Release|Any CPU
		{7C54923E-1AD2-4E7E-B99D-68232AA713D7}.Release|Any CPU.Build.0 = Release|Any CPU
		{7C54923E-1AD2-4E7E-B99D-68232AA713D7}.Release|ARM.ActiveCfg = Release|Any CPU
		{7C54923E-1AD2-4E7E-B99D-68232AA713D7}.Release|ARM.Build.0 = Release|Any CPU
		{7C54923E-1AD2-4E7E-B99D-68232AA713D7}.Release|iPhone.ActiveCfg = Release|Any CPU
		{7C54923E-1AD2-4E7E-B99D-68232AA713D7}.Release|iPhone.Build.0 = Release|Any CPU
		{7C54923E-1AD2-4E7E-B99D-68232AA713D7}.Release|iPhoneSimulator.ActiveCfg = Release|Any CPU
		{7C54923E-1AD2-4E7E-B99D-68232AA713D7}.Release|iPhoneSimulator.Build.0 = Release|Any CPU
		{7C54923E-1AD2-4E7E-B99D-68232AA713D7}.Release|x64.ActiveCfg = Release|Any CPU
		{7C54923E-1AD2-4E7E-B99D-68232AA713D7}.Release|x64.Build.0 = Release|Any CPU
		{7C54923E-1AD2-4E7E-B99D-68232AA713D7}.Release|x86.ActiveCfg = Release|Any CPU
		{7C54923E-1AD2-4E7E-B99D-68232AA713D7}.Release|x86.Build.0 = Release|Any CPU
		{719166E4-EDC4-4859-AD52-F85F889F7A31}.Debug|Any CPU.ActiveCfg = Debug|Any CPU
		{719166E4-EDC4-4859-AD52-F85F889F7A31}.Debug|Any CPU.Build.0 = Debug|Any CPU
		{719166E4-EDC4-4859-AD52-F85F889F7A31}.Debug|Any CPU.Deploy.0 = Debug|Any CPU
		{719166E4-EDC4-4859-AD52-F85F889F7A31}.Debug|ARM.ActiveCfg = Debug|Any CPU
		{719166E4-EDC4-4859-AD52-F85F889F7A31}.Debug|ARM.Build.0 = Debug|Any CPU
		{719166E4-EDC4-4859-AD52-F85F889F7A31}.Debug|ARM.Deploy.0 = Debug|Any CPU
		{719166E4-EDC4-4859-AD52-F85F889F7A31}.Debug|iPhone.ActiveCfg = Debug|Any CPU
		{719166E4-EDC4-4859-AD52-F85F889F7A31}.Debug|iPhone.Build.0 = Debug|Any CPU
		{719166E4-EDC4-4859-AD52-F85F889F7A31}.Debug|iPhone.Deploy.0 = Debug|Any CPU
		{719166E4-EDC4-4859-AD52-F85F889F7A31}.Debug|iPhoneSimulator.ActiveCfg = Debug|Any CPU
		{719166E4-EDC4-4859-AD52-F85F889F7A31}.Debug|iPhoneSimulator.Build.0 = Debug|Any CPU
		{719166E4-EDC4-4859-AD52-F85F889F7A31}.Debug|iPhoneSimulator.Deploy.0 = Debug|Any CPU
		{719166E4-EDC4-4859-AD52-F85F889F7A31}.Debug|x64.ActiveCfg = Debug|Any CPU
		{719166E4-EDC4-4859-AD52-F85F889F7A31}.Debug|x64.Build.0 = Debug|Any CPU
		{719166E4-EDC4-4859-AD52-F85F889F7A31}.Debug|x64.Deploy.0 = Debug|Any CPU
		{719166E4-EDC4-4859-AD52-F85F889F7A31}.Debug|x86.ActiveCfg = Debug|Any CPU
		{719166E4-EDC4-4859-AD52-F85F889F7A31}.Debug|x86.Build.0 = Debug|Any CPU
		{719166E4-EDC4-4859-AD52-F85F889F7A31}.Debug|x86.Deploy.0 = Debug|Any CPU
		{719166E4-EDC4-4859-AD52-F85F889F7A31}.Release|Any CPU.ActiveCfg = Release|Any CPU
		{719166E4-EDC4-4859-AD52-F85F889F7A31}.Release|Any CPU.Build.0 = Release|Any CPU
		{719166E4-EDC4-4859-AD52-F85F889F7A31}.Release|Any CPU.Deploy.0 = Release|Any CPU
		{719166E4-EDC4-4859-AD52-F85F889F7A31}.Release|ARM.ActiveCfg = Release|Any CPU
		{719166E4-EDC4-4859-AD52-F85F889F7A31}.Release|ARM.Build.0 = Release|Any CPU
		{719166E4-EDC4-4859-AD52-F85F889F7A31}.Release|ARM.Deploy.0 = Release|Any CPU
		{719166E4-EDC4-4859-AD52-F85F889F7A31}.Release|iPhone.ActiveCfg = Release|Any CPU
		{719166E4-EDC4-4859-AD52-F85F889F7A31}.Release|iPhone.Build.0 = Release|Any CPU
		{719166E4-EDC4-4859-AD52-F85F889F7A31}.Release|iPhone.Deploy.0 = Release|Any CPU
		{719166E4-EDC4-4859-AD52-F85F889F7A31}.Release|iPhoneSimulator.ActiveCfg = Release|Any CPU
		{719166E4-EDC4-4859-AD52-F85F889F7A31}.Release|iPhoneSimulator.Build.0 = Release|Any CPU
		{719166E4-EDC4-4859-AD52-F85F889F7A31}.Release|iPhoneSimulator.Deploy.0 = Release|Any CPU
		{719166E4-EDC4-4859-AD52-F85F889F7A31}.Release|x64.ActiveCfg = Release|Any CPU
		{719166E4-EDC4-4859-AD52-F85F889F7A31}.Release|x64.Build.0 = Release|Any CPU
		{719166E4-EDC4-4859-AD52-F85F889F7A31}.Release|x64.Deploy.0 = Release|Any CPU
		{719166E4-EDC4-4859-AD52-F85F889F7A31}.Release|x86.ActiveCfg = Release|Any CPU
		{719166E4-EDC4-4859-AD52-F85F889F7A31}.Release|x86.Build.0 = Release|Any CPU
		{719166E4-EDC4-4859-AD52-F85F889F7A31}.Release|x86.Deploy.0 = Release|Any CPU
		{945F9950-1A46-44DF-9D08-7F89FEC6107A}.Debug|Any CPU.ActiveCfg = Debug|iPhone
		{945F9950-1A46-44DF-9D08-7F89FEC6107A}.Debug|Any CPU.Build.0 = Debug|iPhone
		{945F9950-1A46-44DF-9D08-7F89FEC6107A}.Debug|ARM.ActiveCfg = Debug|iPhone
		{945F9950-1A46-44DF-9D08-7F89FEC6107A}.Debug|iPhone.ActiveCfg = Debug|iPhone
		{945F9950-1A46-44DF-9D08-7F89FEC6107A}.Debug|iPhone.Build.0 = Debug|iPhone
		{945F9950-1A46-44DF-9D08-7F89FEC6107A}.Debug|iPhone.Deploy.0 = Debug|iPhone
		{945F9950-1A46-44DF-9D08-7F89FEC6107A}.Debug|iPhoneSimulator.ActiveCfg = Debug|iPhoneSimulator
		{945F9950-1A46-44DF-9D08-7F89FEC6107A}.Debug|iPhoneSimulator.Build.0 = Debug|iPhoneSimulator
		{945F9950-1A46-44DF-9D08-7F89FEC6107A}.Debug|iPhoneSimulator.Deploy.0 = Debug|iPhoneSimulator
		{945F9950-1A46-44DF-9D08-7F89FEC6107A}.Debug|x64.ActiveCfg = Debug|iPhone
		{945F9950-1A46-44DF-9D08-7F89FEC6107A}.Debug|x86.ActiveCfg = Debug|iPhone
		{945F9950-1A46-44DF-9D08-7F89FEC6107A}.Release|Any CPU.ActiveCfg = Release|iPhone
		{945F9950-1A46-44DF-9D08-7F89FEC6107A}.Release|ARM.ActiveCfg = Release|iPhone
		{945F9950-1A46-44DF-9D08-7F89FEC6107A}.Release|iPhone.ActiveCfg = Release|iPhone
		{945F9950-1A46-44DF-9D08-7F89FEC6107A}.Release|iPhone.Build.0 = Release|iPhone
		{945F9950-1A46-44DF-9D08-7F89FEC6107A}.Release|iPhone.Deploy.0 = Release|iPhone
		{945F9950-1A46-44DF-9D08-7F89FEC6107A}.Release|iPhoneSimulator.ActiveCfg = Release|iPhoneSimulator
		{945F9950-1A46-44DF-9D08-7F89FEC6107A}.Release|iPhoneSimulator.Build.0 = Release|iPhoneSimulator
		{945F9950-1A46-44DF-9D08-7F89FEC6107A}.Release|iPhoneSimulator.Deploy.0 = Release|iPhoneSimulator
		{945F9950-1A46-44DF-9D08-7F89FEC6107A}.Release|x64.ActiveCfg = Release|iPhone
		{945F9950-1A46-44DF-9D08-7F89FEC6107A}.Release|x86.ActiveCfg = Release|iPhone
		{3A9B8CB0-88C5-4221-AE53-CD272C2A62AB}.Debug|Any CPU.ActiveCfg = Debug|x86
		{3A9B8CB0-88C5-4221-AE53-CD272C2A62AB}.Debug|ARM.ActiveCfg = Debug|ARM
		{3A9B8CB0-88C5-4221-AE53-CD272C2A62AB}.Debug|ARM.Build.0 = Debug|ARM
		{3A9B8CB0-88C5-4221-AE53-CD272C2A62AB}.Debug|ARM.Deploy.0 = Debug|ARM
		{3A9B8CB0-88C5-4221-AE53-CD272C2A62AB}.Debug|iPhone.ActiveCfg = Debug|x86
		{3A9B8CB0-88C5-4221-AE53-CD272C2A62AB}.Debug|iPhoneSimulator.ActiveCfg = Debug|x86
		{3A9B8CB0-88C5-4221-AE53-CD272C2A62AB}.Debug|x64.ActiveCfg = Debug|x64
		{3A9B8CB0-88C5-4221-AE53-CD272C2A62AB}.Debug|x64.Build.0 = Debug|x64
		{3A9B8CB0-88C5-4221-AE53-CD272C2A62AB}.Debug|x64.Deploy.0 = Debug|x64
		{3A9B8CB0-88C5-4221-AE53-CD272C2A62AB}.Debug|x86.ActiveCfg = Debug|x86
		{3A9B8CB0-88C5-4221-AE53-CD272C2A62AB}.Debug|x86.Build.0 = Debug|x86
		{3A9B8CB0-88C5-4221-AE53-CD272C2A62AB}.Debug|x86.Deploy.0 = Debug|x86
		{3A9B8CB0-88C5-4221-AE53-CD272C2A62AB}.Release|Any CPU.ActiveCfg = Release|x86
		{3A9B8CB0-88C5-4221-AE53-CD272C2A62AB}.Release|ARM.ActiveCfg = Release|ARM
		{3A9B8CB0-88C5-4221-AE53-CD272C2A62AB}.Release|ARM.Build.0 = Release|ARM
		{3A9B8CB0-88C5-4221-AE53-CD272C2A62AB}.Release|ARM.Deploy.0 = Release|ARM
		{3A9B8CB0-88C5-4221-AE53-CD272C2A62AB}.Release|iPhone.ActiveCfg = Release|x86
		{3A9B8CB0-88C5-4221-AE53-CD272C2A62AB}.Release|iPhoneSimulator.ActiveCfg = Release|x86
		{3A9B8CB0-88C5-4221-AE53-CD272C2A62AB}.Release|x64.ActiveCfg = Release|x64
		{3A9B8CB0-88C5-4221-AE53-CD272C2A62AB}.Release|x64.Build.0 = Release|x64
		{3A9B8CB0-88C5-4221-AE53-CD272C2A62AB}.Release|x64.Deploy.0 = Release|x64
		{3A9B8CB0-88C5-4221-AE53-CD272C2A62AB}.Release|x86.ActiveCfg = Release|x86
		{3A9B8CB0-88C5-4221-AE53-CD272C2A62AB}.Release|x86.Build.0 = Release|x86
		{3A9B8CB0-88C5-4221-AE53-CD272C2A62AB}.Release|x86.Deploy.0 = Release|x86
	EndGlobalSection
	GlobalSection(SolutionProperties) = preSolution
		HideSolutionNode = FALSE
	EndGlobalSection
	GlobalSection(ExtensibilityGlobals) = postSolution
		SolutionGuid = {BE2517D9-D755-4838-BC57-4516D153B3A9}
	EndGlobalSection
EndGlobal
